
Microsoft Visual Studio Solution File, Format Version 12.00
# Visual Studio Version 16
VisualStudioVersion = 16.0.30804.86
MinimumVisualStudioVersion = 10.0.40219.1
Project("{888888A0-9F3D-457C-B088-3A5042F75D52}") = "Tkiner_2", "Tkiner_2\Tkiner_2.pyproj", "{C2E48960-9B63-4C0B-BF0E-3FBE0A54FB3C}"
EndProject
Global
	GlobalSection(SolutionConfigurationPlatforms) = preSolution
		Debug|Any CPU = Debug|Any CPU
		Release|Any CPU = Release|Any CPU
	EndGlobalSection
	GlobalSection(ProjectConfigurationPlatforms) = postSolution
		{C2E48960-9B63-4C0B-BF0E-3FBE0A54FB3C}.Debug|Any CPU.ActiveCfg = Debug|Any CPU
		{C2E48960-9B63-4C0B-BF0E-3FBE0A54FB3C}.Release|Any CPU.ActiveCfg = Release|Any CPU
	EndGlobalSection
	GlobalSection(SolutionProperties) = preSolution
		HideSolutionNode = FALSE
	EndGlobalSection
	GlobalSection(ExtensibilityGlobals) = postSolution
		SolutionGuid = {41230191-AFD4-40B1-BFF5-66C00F0626D0}
	EndGlobalSection
EndGlobal
